// !$*UTF8*$!
{
	archiveVersion = 1;
	classes = {
	};
	objectVersion = 48;
	objects = {

/* Begin PBXBuildFile section */
		889ACA4720756DE4000B1F9C /* AppDelegate.swift in Sources */ = {isa = PBXBuildFile; fileRef = 889ACA4620756DE4000B1F9C /* AppDelegate.swift */; };
		889ACA4920756DE4000B1F9C /* ViewController.swift in Sources */ = {isa = PBXBuildFile; fileRef = 889ACA4820756DE4000B1F9C /* ViewController.swift */; };
		889ACA4C20756DE4000B1F9C /* Main.storyboard in Resources */ = {isa = PBXBuildFile; fileRef = 889ACA4A20756DE4000B1F9C /* Main.storyboard */; };
		889ACA4E20756DE4000B1F9C /* Assets.xcassets in Resources */ = {isa = PBXBuildFile; fileRef = 889ACA4D20756DE4000B1F9C /* Assets.xcassets */; };
		889ACA5120756DE4000B1F9C /* LaunchScreen.storyboard in Resources */ = {isa = PBXBuildFile; fileRef = 889ACA4F20756DE4000B1F9C /* LaunchScreen.storyboard */; };
		889ACA5C20756DE4000B1F9C /* NewAppTests.swift in Sources */ = {isa = PBXBuildFile; fileRef = 889ACA5B20756DE4000B1F9C /* NewAppTests.swift */; };
		889ACA6720756DE4000B1F9C /* NewAppUITests.swift in Sources */ = {isa = PBXBuildFile; fileRef = 889ACA6620756DE4000B1F9C /* NewAppUITests.swift */; };
/* End PBXBuildFile section */

/* Begin PBXContainerItemProxy section */
		889ACA5820756DE4000B1F9C /* PBXContainerItemProxy */ = {
			isa = PBXContainerItemProxy;
			containerPortal = 889ACA3B20756DE3000B1F9C /* Project object */;
			proxyType = 1;
			remoteGlobalIDString = 889ACA4220756DE4000B1F9C;
			remoteInfo = NewApp;
		};
		889ACA6320756DE4000B1F9C /* PBXContainerItemProxy */ = {
			isa = PBXContainerItemProxy;
			containerPortal = 889ACA3B20756DE3000B1F9C /* Project object */;
			proxyType = 1;
			remoteGlobalIDString = 889ACA4220756DE4000B1F9C;
			remoteInfo = NewApp;
		};
/* End PBXContainerItemProxy section */

/* Begin PBXFileReference section */
		889ACA4320756DE4000B1F9C /* NewApp.app */ = {isa = PBXFileReference; explicitFileType = wrapper.application; includeInIndex = 0; path = NewApp.app; sourceTree = BUILT_PRODUCTS_DIR; };
		889ACA4620756DE4000B1F9C /* AppDelegate.swift */ = {isa = PBXFileReference; lastKnownFileType = sourcecode.swift; path = AppDelegate.swift; sourceTree = "<group>"; };
		889ACA4820756DE4000B1F9C /* ViewController.swift */ = {isa = PBXFileReference; lastKnownFileType = sourcecode.swift; path = ViewController.swift; sourceTree = "<group>"; };
		889ACA4B20756DE4000B1F9C /* Base */ = {isa = PBXFileReference; lastKnownFileType = file.storyboard; name = Base; path = Base.lproj/Main.storyboard; sourceTree = "<group>"; };
		889ACA4D20756DE4000B1F9C /* Assets.xcassets */ = {isa = PBXFileReference; lastKnownFileType = folder.assetcatalog; path = Assets.xcassets; sourceTree = "<group>"; };
		889ACA5020756DE4000B1F9C /* Base */ = {isa = PBXFileReference; lastKnownFileType = file.storyboard; name = Base; path = Base.lproj/LaunchScreen.storyboard; sourceTree = "<group>"; };
		889ACA5220756DE4000B1F9C /* Info.plist */ = {isa = PBXFileReference; lastKnownFileType = text.plist.xml; path = Info.plist; sourceTree = "<group>"; };
		889ACA5720756DE4000B1F9C /* NewAppTests.xctest */ = {isa = PBXFileReference; explicitFileType = wrapper.cfbundle; includeInIndex = 0; path = NewAppTests.xctest; sourceTree = BUILT_PRODUCTS_DIR; };
		889ACA5B20756DE4000B1F9C /* NewAppTests.swift */ = {isa = PBXFileReference; lastKnownFileType = sourcecode.swift; path = NewAppTests.swift; sourceTree = "<group>"; };
		889ACA5D20756DE4000B1F9C /* Info.plist */ = {isa = PBXFileReference; lastKnownFileType = text.plist.xml; path = Info.plist; sourceTree = "<group>"; };
		889ACA6220756DE4000B1F9C /* NewAppUITests.xctest */ = {isa = PBXFileReference; explicitFileType = wrapper.cfbundle; includeInIndex = 0; path = NewAppUITests.xctest; sourceTree = BUILT_PRODUCTS_DIR; };
		889ACA6620756DE4000B1F9C /* NewAppUITests.swift */ = {isa = PBXFileReference; lastKnownFileType = sourcecode.swift; path = NewAppUITests.swift; sourceTree = "<group>"; };
		889ACA6820756DE4000B1F9C /* Info.plist */ = {isa = PBXFileReference; lastKnownFileType = text.plist.xml; path = Info.plist; sourceTree = "<group>"; };
/* End PBXFileReference section */

/* Begin PBXFrameworksBuildPhase section */
		889ACA4020756DE4000B1F9C /* Frameworks */ = {
			isa = PBXFrameworksBuildPhase;
			buildActionMask = 2147483647;
			files = (
			);
			runOnlyForDeploymentPostprocessing = 0;
		};
		889ACA5420756DE4000B1F9C /* Frameworks */ = {
			isa = PBXFrameworksBuildPhase;
			buildActionMask = 2147483647;
			files = (
			);
			runOnlyForDeploymentPostprocessing = 0;
		};
		889ACA5F20756DE4000B1F9C /* Frameworks */ = {
			isa = PBXFrameworksBuildPhase;
			buildActionMask = 2147483647;
			files = (
			);
			runOnlyForDeploymentPostprocessing = 0;
		};
/* End PBXFrameworksBuildPhase section */

/* Begin PBXGroup section */
		889ACA3A20756DE3000B1F9C = {
			isa = PBXGroup;
			children = (
				889ACA4520756DE4000B1F9C /* NewApp */,
				889ACA5A20756DE4000B1F9C /* NewAppTests */,
				889ACA6520756DE4000B1F9C /* NewAppUITests */,
				889ACA4420756DE4000B1F9C /* Products */,
			);
			sourceTree = "<group>";
		};
		889ACA4420756DE4000B1F9C /* Products */ = {
			isa = PBXGroup;
			children = (
				889ACA4320756DE4000B1F9C /* NewApp.app */,
				889ACA5720756DE4000B1F9C /* NewAppTests.xctest */,
				889ACA6220756DE4000B1F9C /* NewAppUITests.xctest */,
			);
			name = Products;
			sourceTree = "<group>";
		};
		889ACA4520756DE4000B1F9C /* NewApp */ = {
			isa = PBXGroup;
			children = (
				889ACA4620756DE4000B1F9C /* AppDelegate.swift */,
				889ACA4820756DE4000B1F9C /* ViewController.swift */,
				889ACA4A20756DE4000B1F9C /* Main.storyboard */,
				889ACA4D20756DE4000B1F9C /* Assets.xcassets */,
				889ACA4F20756DE4000B1F9C /* LaunchScreen.storyboard */,
				889ACA5220756DE4000B1F9C /* Info.plist */,
			);
			path = NewApp;
			sourceTree = "<group>";
		};
		889ACA5A20756DE4000B1F9C /* NewAppTests */ = {
			isa = PBXGroup;
			children = (
				889ACA5B20756DE4000B1F9C /* NewAppTests.swift */,
				889ACA5D20756DE4000B1F9C /* Info.plist */,
			);
			path = NewAppTests;
			sourceTree = "<group>";
		};
		889ACA6520756DE4000B1F9C /* NewAppUITests */ = {
			isa = PBXGroup;
			children = (
				889ACA6620756DE4000B1F9C /* NewAppUITests.swift */,
				889ACA6820756DE4000B1F9C /* Info.plist */,
			);
			path = NewAppUITests;
			sourceTree = "<group>";
		};
/* End PBXGroup section */

/* Begin PBXNativeTarget section */
		889ACA4220756DE4000B1F9C /* NewApp */ = {
			isa = PBXNativeTarget;
			buildConfigurationList = 889ACA6B20756DE4000B1F9C /* Build configuration list for PBXNativeTarget "NewApp" */;
			buildPhases = (
				889ACA3F20756DE4000B1F9C /* Sources */,
				889ACA4020756DE4000B1F9C /* Frameworks */,
				889ACA4120756DE4000B1F9C /* Resources */,
			);
			buildRules = (
			);
			dependencies = (
			);
			name = NewApp;
			productName = NewApp;
			productReference = 889ACA4320756DE4000B1F9C /* NewApp.app */;
			productType = "com.apple.product-type.application";
		};
		889ACA5620756DE4000B1F9C /* NewAppTests */ = {
			isa = PBXNativeTarget;
			buildConfigurationList = 889ACA6E20756DE4000B1F9C /* Build configuration list for PBXNativeTarget "NewAppTests" */;
			buildPhases = (
				889ACA5320756DE4000B1F9C /* Sources */,
				889ACA5420756DE4000B1F9C /* Frameworks */,
				889ACA5520756DE4000B1F9C /* Resources */,
			);
			buildRules = (
			);
			dependencies = (
				889ACA5920756DE4000B1F9C /* PBXTargetDependency */,
			);
			name = NewAppTests;
			productName = NewAppTests;
			productReference = 889ACA5720756DE4000B1F9C /* NewAppTests.xctest */;
			productType = "com.apple.product-type.bundle.unit-test";
		};
		889ACA6120756DE4000B1F9C /* NewAppUITests */ = {
			isa = PBXNativeTarget;
			buildConfigurationList = 889ACA7120756DE4000B1F9C /* Build configuration list for PBXNativeTarget "NewAppUITests" */;
			buildPhases = (
				889ACA5E20756DE4000B1F9C /* Sources */,
				889ACA5F20756DE4000B1F9C /* Frameworks */,
				889ACA6020756DE4000B1F9C /* Resources */,
			);
			buildRules = (
			);
			dependencies = (
				889ACA6420756DE4000B1F9C /* PBXTargetDependency */,
			);
			name = NewAppUITests;
			productName = NewAppUITests;
			productReference = 889ACA6220756DE4000B1F9C /* NewAppUITests.xctest */;
			productType = "com.apple.product-type.bundle.ui-testing";
		};
/* End PBXNativeTarget section */

/* Begin PBXProject section */
		889ACA3B20756DE3000B1F9C /* Project object */ = {
			isa = PBXProject;
			attributes = {
				LastSwiftUpdateCheck = 0920;
				LastUpgradeCheck = 0920;
				ORGANIZATIONNAME = ChapuApps;
				TargetAttributes = {
					889ACA4220756DE4000B1F9C = {
						CreatedOnToolsVersion = 9.2;
						ProvisioningStyle = Automatic;
					};
					889ACA5620756DE4000B1F9C = {
						CreatedOnToolsVersion = 9.2;
						ProvisioningStyle = Automatic;
						TestTargetID = 889ACA4220756DE4000B1F9C;
					};
					889ACA6120756DE4000B1F9C = {
						CreatedOnToolsVersion = 9.2;
						ProvisioningStyle = Automatic;
						TestTargetID = 889ACA4220756DE4000B1F9C;
					};
				};
			};
			buildConfigurationList = 889ACA3E20756DE3000B1F9C /* Build configuration list for PBXProject "NewApp" */;
			compatibilityVersion = "Xcode 8.0";
			developmentRegion = en;
			hasScannedForEncodings = 0;
			knownRegions = (
				en,
				Base,
			);
			mainGroup = 889ACA3A20756DE3000B1F9C;
			productRefGroup = 889ACA4420756DE4000B1F9C /* Products */;
			projectDirPath = "";
			projectRoot = "";
			targets = (
				889ACA4220756DE4000B1F9C /* NewApp */,
				889ACA5620756DE4000B1F9C /* NewAppTests */,
				889ACA6120756DE4000B1F9C /* NewAppUITests */,
			);
		};
/* End PBXProject section */

/* Begin PBXResourcesBuildPhase section */
		889ACA4120756DE4000B1F9C /* Resources */ = {
			isa = PBXResourcesBuildPhase;
			buildActionMask = 2147483647;
			files = (
				889ACA5120756DE4000B1F9C /* LaunchScreen.storyboard in Resources */,
				889ACA4E20756DE4000B1F9C /* Assets.xcassets in Resources */,
				889ACA4C20756DE4000B1F9C /* Main.storyboard in Resources */,
			);
			runOnlyForDeploymentPostprocessing = 0;
		};
		889ACA5520756DE4000B1F9C /* Resources */ = {
			isa = PBXResourcesBuildPhase;
			buildActionMask = 2147483647;
			files = (
			);
			runOnlyForDeploymentPostprocessing = 0;
		};
		889ACA6020756DE4000B1F9C /* Resources */ = {
			isa = PBXResourcesBuildPhase;
			buildActionMask = 2147483647;
			files = (
			);
			runOnlyForDeploymentPostprocessing = 0;
		};
/* End PBXResourcesBuildPhase section */

/* Begin PBXSourcesBuildPhase section */
		889ACA3F20756DE4000B1F9C /* Sources */ = {
			isa = PBXSourcesBuildPhase;
			buildActionMask = 2147483647;
			files = (
				889ACA4920756DE4000B1F9C /* ViewController.swift in Sources */,
				889ACA4720756DE4000B1F9C /* AppDelegate.swift in Sources */,
			);
			runOnlyForDeploymentPostprocessing = 0;
		};
		889ACA5320756DE4000B1F9C /* Sources */ = {
			isa = PBXSourcesBuildPhase;
			buildActionMask = 2147483647;
			files = (
				889ACA5C20756DE4000B1F9C /* NewAppTests.swift in Sources */,
			);
			runOnlyForDeploymentPostprocessing = 0;
		};
		889ACA5E20756DE4000B1F9C /* Sources */ = {
			isa = PBXSourcesBuildPhase;
			buildActionMask = 2147483647;
			files = (
				889ACA6720756DE4000B1F9C /* NewAppUITests.swift in Sources */,
			);
			runOnlyForDeploymentPostprocessing = 0;
		};
/* End PBXSourcesBuildPhase section */

/* Begin PBXTargetDependency section */
		889ACA5920756DE4000B1F9C /* PBXTargetDependency */ = {
			isa = PBXTargetDependency;
			target = 889ACA4220756DE4000B1F9C /* NewApp */;
			targetProxy = 889ACA5820756DE4000B1F9C /* PBXContainerItemProxy */;
		};
		889ACA6420756DE4000B1F9C /* PBXTargetDependency */ = {
			isa = PBXTargetDependency;
			target = 889ACA4220756DE4000B1F9C /* NewApp */;
			targetProxy = 889ACA6320756DE4000B1F9C /* PBXContainerItemProxy */;
		};
/* End PBXTargetDependency section */

/* Begin PBXVariantGroup section */
		889ACA4A20756DE4000B1F9C /* Main.storyboard */ = {
			isa = PBXVariantGroup;
			children = (
				889ACA4B20756DE4000B1F9C /* Base */,
			);
			name = Main.storyboard;
			sourceTree = "<group>";
		};
		889ACA4F20756DE4000B1F9C /* LaunchScreen.storyboard */ = {
			isa = PBXVariantGroup;
			children = (
				889ACA5020756DE4000B1F9C /* Base */,
			);
			name = LaunchScreen.storyboard;
			sourceTree = "<group>";
		};
/* End PBXVariantGroup section */

/* Begin XCBuildConfiguration section */
		889ACA6920756DE4000B1F9C /* Debug */ = {
			isa = XCBuildConfiguration;
			buildSettings = {
				ALWAYS_SEARCH_USER_PATHS = NO;
				CLANG_ANALYZER_NONNULL = YES;
				CLANG_ANALYZER_NUMBER_OBJECT_CONVERSION = YES_AGGRESSIVE;
				CLANG_CXX_LANGUAGE_STANDARD = "gnu++14";
				CLANG_CXX_LIBRARY = "libc++";
				CLANG_ENABLE_MODULES = YES;
				CLANG_ENABLE_OBJC_ARC = YES;
				CLANG_WARN_BLOCK_CAPTURE_AUTORELEASING = YES;
				CLANG_WARN_BOOL_CONVERSION = YES;
				CLANG_WARN_COMMA = YES;
				CLANG_WARN_CONSTANT_CONVERSION = YES;
				CLANG_WARN_DIRECT_OBJC_ISA_USAGE = YES_ERROR;
				CLANG_WARN_DOCUMENTATION_COMMENTS = YES;
				CLANG_WARN_EMPTY_BODY = YES;
				CLANG_WARN_ENUM_CONVERSION = YES;
				CLANG_WARN_INFINITE_RECURSION = YES;
				CLANG_WARN_INT_CONVERSION = YES;
				CLANG_WARN_NON_LITERAL_NULL_CONVERSION = YES;
				CLANG_WARN_OBJC_LITERAL_CONVERSION = YES;
				CLANG_WARN_OBJC_ROOT_CLASS = YES_ERROR;
				CLANG_WARN_RANGE_LOOP_ANALYSIS = YES;
				CLANG_WARN_STRICT_PROTOTYPES = YES;
				CLANG_WARN_SUSPICIOUS_MOVE = YES;
				CLANG_WARN_UNGUARDED_AVAILABILITY = YES_AGGRESSIVE;
				CLANG_WARN_UNREACHABLE_CODE = YES;
				CLANG_WARN__DUPLICATE_METHOD_MATCH = YES;
				CODE_SIGN_IDENTITY = "iPhone Developer";
				COPY_PHASE_STRIP = NO;
				DEBUG_INFORMATION_FORMAT = dwarf;
				ENABLE_STRICT_OBJC_MSGSEND = YES;
				ENABLE_TESTABILITY = YES;
				GCC_C_LANGUAGE_STANDARD = gnu11;
				GCC_DYNAMIC_NO_PIC = NO;
				GCC_NO_COMMON_BLOCKS = YES;
				GCC_OPTIMIZATION_LEVEL = 0;
				GCC_PREPROCESSOR_DEFINITIONS = (
					"DEBUG=1",
					"$(inherited)",
				);
				GCC_WARN_64_TO_32_BIT_CONVERSION = YES;
				GCC_WARN_ABOUT_RETURN_TYPE = YES_ERROR;
				GCC_WARN_UNDECLARED_SELECTOR = YES;
				GCC_WARN_UNINITIALIZED_AUTOS = YES_AGGRESSIVE;
				GCC_WARN_UNUSED_FUNCTION = YES;
				GCC_WARN_UNUSED_VARIABLE = YES;
				IPHONEOS_DEPLOYMENT_TARGET = 11.2;
				MTL_ENABLE_DEBUG_INFO = YES;
				ONLY_ACTIVE_ARCH = YES;
				SDKROOT = iphoneos;
				SWIFT_ACTIVE_COMPILATION_CONDITIONS = DEBUG;
				SWIFT_OPTIMIZATION_LEVEL = "-Onone";
			};
			name = Debug;
		};
		889ACA6A20756DE4000B1F9C /* Release */ = {
			isa = XCBuildConfiguration;
			buildSettings = {
				ALWAYS_SEARCH_USER_PATHS = NO;
				CLANG_ANALYZER_NONNULL = YES;
				CLANG_ANALYZER_NUMBER_OBJECT_CONVERSION = YES_AGGRESSIVE;
				CLANG_CXX_LANGUAGE_STANDARD = "gnu++14";
				CLANG_CXX_LIBRARY = "libc++";
				CLANG_ENABLE_MODULES = YES;
				CLANG_ENABLE_OBJC_ARC = YES;
				CLANG_WARN_BLOCK_CAPTURE_AUTORELEASING = YES;
				CLANG_WARN_BOOL_CONVERSION = YES;
				CLANG_WARN_COMMA = YES;
				CLANG_WARN_CONSTANT_CONVERSION = YES;
				CLANG_WARN_DIRECT_OBJC_ISA_USAGE = YES_ERROR;
				CLANG_WARN_DOCUMENTATION_COMMENTS = YES;
				CLANG_WARN_EMPTY_BODY = YES;
				CLANG_WARN_ENUM_CONVERSION = YES;
				CLANG_WARN_INFINITE_RECURSION = YES;
				CLANG_WARN_INT_CONVERSION = YES;
				CLANG_WARN_NON_LITERAL_NULL_CONVERSION = YES;
				CLANG_WARN_OBJC_LITERAL_CONVERSION = YES;
				CLANG_WARN_OBJC_ROOT_CLASS = YES_ERROR;
				CLANG_WARN_RANGE_LOOP_ANALYSIS = YES;
				CLANG_WARN_STRICT_PROTOTYPES = YES;
				CLANG_WARN_SUSPICIOUS_MOVE = YES;
				CLANG_WARN_UNGUARDED_AVAILABILITY = YES_AGGRESSIVE;
				CLANG_WARN_UNREACHABLE_CODE = YES;
				CLANG_WARN__DUPLICATE_METHOD_MATCH = YES;
				CODE_SIGN_IDENTITY = "iPhone Developer";
				COPY_PHASE_STRIP = NO;
				DEBUG_INFORMATION_FORMAT = "dwarf-with-dsym";
				ENABLE_NS_ASSERTIONS = NO;
				ENABLE_STRICT_OBJC_MSGSEND = YES;
				GCC_C_LANGUAGE_STANDARD = gnu11;
				GCC_NO_COMMON_BLOCKS = YES;
				GCC_WARN_64_TO_32_BIT_CONVERSION = YES;
				GCC_WARN_ABOUT_RETURN_TYPE = YES_ERROR;
				GCC_WARN_UNDECLARED_SELECTOR = YES;
				GCC_WARN_UNINITIALIZED_AUTOS = YES_AGGRESSIVE;
				GCC_WARN_UNUSED_FUNCTION = YES;
				GCC_WARN_UNUSED_VARIABLE = YES;
				IPHONEOS_DEPLOYMENT_TARGET = 11.2;
				MTL_ENABLE_DEBUG_INFO = NO;
				SDKROOT = iphoneos;
				SWIFT_OPTIMIZATION_LEVEL = "-Owholemodule";
				VALIDATE_PRODUCT = YES;
			};
			name = Release;
		};
		889ACA6C20756DE4000B1F9C /* Debug */ = {
			isa = XCBuildConfiguration;
			buildSettings = {
				ASSETCATALOG_COMPILER_APPICON_NAME = AppIcon;
				CODE_SIGN_STYLE = Automatic;
				DEVELOPMENT_TEAM = 384BZ9TUY4;
				INFOPLIST_FILE = NewApp/Info.plist;
				LD_RUNPATH_SEARCH_PATHS = "$(inherited) @executable_path/Frameworks";
				PRODUCT_BUNDLE_IDENTIFIER = ChapuApps.NewApp;
				PRODUCT_NAME = "$(TARGET_NAME)";
				SWIFT_VERSION = 4.0;
				TARGETED_DEVICE_FAMILY = "1,2";
			};
			name = Debug;
		};
		889ACA6D20756DE4000B1F9C /* Release */ = {
			isa = XCBuildConfiguration;
			buildSettings = {
				ASSETCATALOG_COMPILER_APPICON_NAME = AppIcon;
				CODE_SIGN_STYLE = Automatic;
				DEVELOPMENT_TEAM = 384BZ9TUY4;
				INFOPLIST_FILE = NewApp/Info.plist;
				LD_RUNPATH_SEARCH_PATHS = "$(inherited) @executable_path/Frameworks";
				PRODUCT_BUNDLE_IDENTIFIER = ChapuApps.NewApp;
				PRODUCT_NAME = "$(TARGET_NAME)";
				SWIFT_VERSION = 4.0;
				TARGETED_DEVICE_FAMILY = "1,2";
			};
			name = Release;
		};
		889ACA6F20756DE4000B1F9C /* Debug */ = {
			isa = XCBuildConfiguration;
			buildSettings = {
				ALWAYS_EMBED_SWIFT_STANDARD_LIBRARIES = YES;
				BUNDLE_LOADER = "$(TEST_HOST)";
				CODE_SIGN_STYLE = Automatic;
				DEVELOPMENT_TEAM = 384BZ9TUY4;
				INFOPLIST_FILE = NewAppTests/Info.plist;
				LD_RUNPATH_SEARCH_PATHS = "$(inherited) @executable_path/Frameworks @loader_path/Frameworks";
				PRODUCT_BUNDLE_IDENTIFIER = ChapuApps.NewAppTests;
				PRODUCT_NAME = "$(TARGET_NAME)";
				SWIFT_VERSION = 4.0;
				TARGETED_DEVICE_FAMILY = "1,2";
				TEST_HOST = "$(BUILT_PRODUCTS_DIR)/NewApp.app/NewApp";
			};
			name = Debug;
		};
		889ACA7020756DE4000B1F9C /* Release */ = {
			isa = XCBuildConfiguration;
			buildSettings = {
				ALWAYS_EMBED_SWIFT_STANDARD_LIBRARIES = YES;
				BUNDLE_LOADER = "$(TEST_HOST)";
				CODE_SIGN_STYLE = Automatic;
				DEVELOPMENT_TEAM = 384BZ9TUY4;
				INFOPLIST_FILE = NewAppTests/Info.plist;
				LD_RUNPATH_SEARCH_PATHS = "$(inherited) @executable_path/Frameworks @loader_path/Frameworks";
				PRODUCT_BUNDLE_IDENTIFIER = ChapuApps.NewAppTests;
				PRODUCT_NAME = "$(TARGET_NAME)";
				SWIFT_VERSION = 4.0;
				TARGETED_DEVICE_FAMILY = "1,2";
				TEST_HOST = "$(BUILT_PRODUCTS_DIR)/NewApp.app/NewApp";
			};
			name = Release;
		};
		889ACA7220756DE4000B1F9C /* Debug */ = {
			isa = XCBuildConfiguration;
			buildSettings = {
				ALWAYS_EMBED_SWIFT_STANDARD_LIBRARIES = YES;
				CODE_SIGN_STYLE = Automatic;
				DEVELOPMENT_TEAM = 384BZ9TUY4;
				INFOPLIST_FILE = NewAppUITests/Info.plist;
				LD_RUNPATH_SEARCH_PATHS = "$(inherited) @executable_path/Frameworks @loader_path/Frameworks";
				PRODUCT_BUNDLE_IDENTIFIER = ChapuApps.NewAppUITests;
				PRODUCT_NAME = "$(TARGET_NAME)";
				SWIFT_VERSION = 4.0;
				TARGETED_DEVICE_FAMILY = "1,2";
				TEST_TARGET_NAME = NewApp;
			};
			name = Debug;
		};
		889ACA7320756DE4000B1F9C /* Release */ = {
			isa = XCBuildConfiguration;
			buildSettings = {
				ALWAYS_EMBED_SWIFT_STANDARD_LIBRARIES = YES;
				CODE_SIGN_STYLE = Automatic;
				DEVELOPMENT_TEAM = 384BZ9TUY4;
				INFOPLIST_FILE = NewAppUITests/Info.plist;
				LD_RUNPATH_SEARCH_PATHS = "$(inherited) @executable_path/Frameworks @loader_path/Frameworks";
				PRODUCT_BUNDLE_IDENTIFIER = ChapuApps.NewAppUITests;
				PRODUCT_NAME = "$(TARGET_NAME)";
				SWIFT_VERSION = 4.0;
				TARGETED_DEVICE_FAMILY = "1,2";
				TEST_TARGET_NAME = NewApp;
			};
			name = Release;
		};
/* End XCBuildConfiguration section */

/* Begin XCConfigurationList section */
		889ACA3E20756DE3000B1F9C /* Build configuration list for PBXProject "NewApp" */ = {
			isa = XCConfigurationList;
			buildConfigurations = (
				889ACA6920756DE4000B1F9C /* Debug */,
				889ACA6A20756DE4000B1F9C /* Release */,
			);
			defaultConfigurationIsVisible = 0;
			defaultConfigurationName = Release;
		};
		889ACA6B20756DE4000B1F9C /* Build configuration list for PBXNativeTarget "NewApp" */ = {
			isa = XCConfigurationList;
			buildConfigurations = (
				889ACA6C20756DE4000B1F9C /* Debug */,
				889ACA6D20756DE4000B1F9C /* Release */,
			);
			defaultConfigurationIsVisible = 0;
			defaultConfigurationName = Release;
		};
		889ACA6E20756DE4000B1F9C /* Build configuration list for PBXNativeTarget "NewAppTests" */ = {
			isa = XCConfigurationList;
			buildConfigurations = (
				889ACA6F20756DE4000B1F9C /* Debug */,
				889ACA7020756DE4000B1F9C /* Release */,
			);
			defaultConfigurationIsVisible = 0;
			defaultConfigurationName = Release;
		};
		889ACA7120756DE4000B1F9C /* Build configuration list for PBXNativeTarget "NewAppUITests" */ = {
			isa = XCConfigurationList;
			buildConfigurations = (
				889ACA7220756DE4000B1F9C /* Debug */,
				889ACA7320756DE4000B1F9C /* Release */,
			);
			defaultConfigurationIsVisible = 0;
			defaultConfigurationName = Release;
		};
/* End XCConfigurationList section */
	};
	rootObject = 889ACA3B20756DE3000B1F9C /* Project object */;
}
